{
  "name": "permit-manager",
  "lockfileVersion": 3,
  "requires": true,
  "packages": {
    "": {
      "dependencies": {
        "paychangu-js": "^2.1.2"
      }
    },
    "node_modules/paychangu-js": {
      "version": "2.1.2",
      "resolved": "https://registry.npmjs.org/paychangu-js/-/paychangu-js-2.1.2.tgz",
      "integrity": "sha512-y4J7rfpZTvw6Oew/EPFNhqk+8jtBt8692hW5lb8EPGe7ZeEQNtG+Oa+Mk564temfk1B+jL23tMnElHJnuCg7tg=="
    }
  }
}
